
Microsoft Visual Studio Solution File, Format Version 12.00
# Visual Studio Version 17
VisualStudioVersion = 17.6.33723.286
MinimumVisualStudioVersion = 10.0.40219.1
Project("{FAE04EC0-301F-11D3-BF4B-00C04F79EFBC}") = "TestProject1", "TestProject1\TestProject1.csproj", "{9DDB6576-AABC-4F0B-AEA7-5F528970018D}"
EndProject
Global
	GlobalSection(SolutionConfigurationPlatforms) = preSolution
		Debug|Any CPU = Debug|Any CPU
		Release|Any CPU = Release|Any CPU
	EndGlobalSection
	GlobalSection(ProjectConfigurationPlatforms) = postSolution
		{9DDB6576-AABC-4F0B-AEA7-5F528970018D}.Debug|Any CPU.ActiveCfg = Debug|Any CPU
		{9DDB6576-AABC-4F0B-AEA7-5F528970018D}.Debug|Any CPU.Build.0 = Debug|Any CPU
		{9DDB6576-AABC-4F0B-AEA7-5F528970018D}.Release|Any CPU.ActiveCfg = Release|Any CPU
		{9DDB6576-AABC-4F0B-AEA7-5F528970018D}.Release|Any CPU.Build.0 = Release|Any CPU
	EndGlobalSection
	GlobalSection(SolutionProperties) = preSolution
		HideSolutionNode = FALSE
	EndGlobalSection
	GlobalSection(ExtensibilityGlobals) = postSolution
		SolutionGuid = {0ED19DB8-3549-4985-8BA2-5C06C3A05968}
	EndGlobalSection
EndGlobal
